
Microsoft Visual Studio Solution File, Format Version 12.00
# Visual Studio Version 16
VisualStudioVersion = 16.0.30503.244
MinimumVisualStudioVersion = 10.0.40219.1
Project("{FAE04EC0-301F-11D3-BF4B-00C04F79EFBC}") = "Phonebook", "Phonebook\Phonebook.csproj", "{A7EE694C-E5EE-4E71-90BF-335CDD581772}"
EndProject
Global
	GlobalSection(SolutionConfigurationPlatforms) = preSolution
		Debug|Any CPU = Debug|Any CPU
		Release|Any CPU = Release|Any CPU
	EndGlobalSection
	GlobalSection(ProjectConfigurationPlatforms) = postSolution
		{A7EE694C-E5EE-4E71-90BF-335CDD581772}.Debug|Any CPU.ActiveCfg = Debug|Any CPU
		{A7EE694C-E5EE-4E71-90BF-335CDD581772}.Debug|Any CPU.Build.0 = Debug|Any CPU
		{A7EE694C-E5EE-4E71-90BF-335CDD581772}.Release|Any CPU.ActiveCfg = Release|Any CPU
		{A7EE694C-E5EE-4E71-90BF-335CDD581772}.Release|Any CPU.Build.0 = Release|Any CPU
	EndGlobalSection
	GlobalSection(SolutionProperties) = preSolution
		HideSolutionNode = FALSE
	EndGlobalSection
	GlobalSection(ExtensibilityGlobals) = postSolution
		SolutionGuid = {CFC46ECD-C546-4CF5-ACA6-E3F53F10A47E}
	EndGlobalSection
EndGlobal
